// !$*UTF8*$!
{
	archiveVersion = 1;
	classes = {
	};
	objectVersion = 56;
	objects = {

/* Begin PBXBuildFile section */
		F3C9131328D2265600C07AEC /* AppDelegate.swift in Sources */ = {isa = PBXBuildFile; fileRef = F3C9131228D2265600C07AEC /* AppDelegate.swift */; };
		F3C9131528D2265600C07AEC /* SceneDelegate.swift in Sources */ = {isa = PBXBuildFile; fileRef = F3C9131428D2265600C07AEC /* SceneDelegate.swift */; };
		F3C9131728D2265600C07AEC /* ViewController.swift in Sources */ = {isa = PBXBuildFile; fileRef = F3C9131628D2265600C07AEC /* ViewController.swift */; };
		F3C9131C28D2265600C07AEC /* Assets.xcassets in Resources */ = {isa = PBXBuildFile; fileRef = F3C9131B28D2265600C07AEC /* Assets.xcassets */; };
		F3C9131F28D2265600C07AEC /* LaunchScreen.storyboard in Resources */ = {isa = PBXBuildFile; fileRef = F3C9131D28D2265600C07AEC /* LaunchScreen.storyboard */; };
		F3C9132728D270ED00C07AEC /* CocoaController.swift in Sources */ = {isa = PBXBuildFile; fileRef = F3C9132628D270ED00C07AEC /* CocoaController.swift */; };
		F3C9132B28D27B6D00C07AEC /* Main.storyboard in Resources */ = {isa = PBXBuildFile; fileRef = F3C9132A28D27B6D00C07AEC /* Main.storyboard */; };
		F3C9132D28D3799100C07AEC /* CocoaTouchController.swift in Sources */ = {isa = PBXBuildFile; fileRef = F3C9132C28D3799100C07AEC /* CocoaTouchController.swift */; };
		F3C9133028D3844B00C07AEC /* Storybard2.storyboard in Resources */ = {isa = PBXBuildFile; fileRef = F3C9133228D3844B00C07AEC /* Storybard2.storyboard */; };
/* End PBXBuildFile section */

/* Begin PBXFileReference section */
		F3C9130F28D2265600C07AEC /* IMarquezDia1.app */ = {isa = PBXFileReference; explicitFileType = wrapper.application; includeInIndex = 0; path = IMarquezDia1.app; sourceTree = BUILT_PRODUCTS_DIR; };
		F3C9131228D2265600C07AEC /* AppDelegate.swift */ = {isa = PBXFileReference; lastKnownFileType = sourcecode.swift; path = AppDelegate.swift; sourceTree = "<group>"; };
		F3C9131428D2265600C07AEC /* SceneDelegate.swift */ = {isa = PBXFileReference; lastKnownFileType = sourcecode.swift; path = SceneDelegate.swift; sourceTree = "<group>"; };
		F3C9131628D2265600C07AEC /* ViewController.swift */ = {isa = PBXFileReference; lastKnownFileType = sourcecode.swift; path = ViewController.swift; sourceTree = "<group>"; };
		F3C9131B28D2265600C07AEC /* Assets.xcassets */ = {isa = PBXFileReference; lastKnownFileType = folder.assetcatalog; path = Assets.xcassets; sourceTree = "<group>"; };
		F3C9131E28D2265600C07AEC /* Base */ = {isa = PBXFileReference; lastKnownFileType = file.storyboard; name = Base; path = Base.lproj/LaunchScreen.storyboard; sourceTree = "<group>"; };
		F3C9132028D2265600C07AEC /* Info.plist */ = {isa = PBXFileReference; lastKnownFileType = text.plist.xml; path = Info.plist; sourceTree = "<group>"; };
		F3C9132628D270ED00C07AEC /* CocoaController.swift */ = {isa = PBXFileReference; lastKnownFileType = sourcecode.swift; name = CocoaController.swift; path = ../CocoaController.swift; sourceTree = "<group>"; };
		F3C9132A28D27B6D00C07AEC /* Main.storyboard */ = {isa = PBXFileReference; lastKnownFileType = file.storyboard; path = Main.storyboard; sourceTree = "<group>"; };
		F3C9132C28D3799100C07AEC /* CocoaTouchController.swift */ = {isa = PBXFileReference; lastKnownFileType = sourcecode.swift; name = CocoaTouchController.swift; path = ../CocoaTouchController.swift; sourceTree = "<group>"; };
		F3C9133128D3844B00C07AEC /* Base */ = {isa = PBXFileReference; lastKnownFileType = file.storyboard; name = Base; path = Base.lproj/Storybard2.storyboard; sourceTree = "<group>"; };
/* End PBXFileReference section */

/* Begin PBXFrameworksBuildPhase section */
		F3C9130C28D2265600C07AEC /* Frameworks */ = {
			isa = PBXFrameworksBuildPhase;
			buildActionMask = 2147483647;
			files = (
			);
			runOnlyForDeploymentPostprocessing = 0;
		};
/* End PBXFrameworksBuildPhase section */

/* Begin PBXGroup section */
		F3C9130628D2265600C07AEC = {
			isa = PBXGroup;
			children = (
				F3C9132C28D3799100C07AEC /* CocoaTouchController.swift */,
				F3C9132628D270ED00C07AEC /* CocoaController.swift */,
				F3C9131128D2265600C07AEC /* IMarquezDia1 */,
				F3C9131028D2265600C07AEC /* Products */,
			);
			sourceTree = "<group>";
		};
		F3C9131028D2265600C07AEC /* Products */ = {
			isa = PBXGroup;
			children = (
				F3C9130F28D2265600C07AEC /* IMarquezDia1.app */,
			);
			name = Products;
			sourceTree = "<group>";
		};
		F3C9131128D2265600C07AEC /* IMarquezDia1 */ = {
			isa = PBXGroup;
			children = (
				F3C9131228D2265600C07AEC /* AppDelegate.swift */,
				F3C9131428D2265600C07AEC /* SceneDelegate.swift */,
				F3C9131628D2265600C07AEC /* ViewController.swift */,
				F3C9132A28D27B6D00C07AEC /* Main.storyboard */,
				F3C9133228D3844B00C07AEC /* Storybard2.storyboard */,
				F3C9131B28D2265600C07AEC /* Assets.xcassets */,
				F3C9131D28D2265600C07AEC /* LaunchScreen.storyboard */,
				F3C9132028D2265600C07AEC /* Info.plist */,
			);
			path = IMarquezDia1;
			sourceTree = "<group>";
		};
/* End PBXGroup section */

/* Begin PBXNativeTarget section */
		F3C9130E28D2265600C07AEC /* IMarquezDia1 */ = {
			isa = PBXNativeTarget;
			buildConfigurationList = F3C9132328D2265600C07AEC /* Build configuration list for PBXNativeTarget "IMarquezDia1" */;
			buildPhases = (
				F3C9130B28D2265600C07AEC /* Sources */,
				F3C9130C28D2265600C07AEC /* Frameworks */,
				F3C9130D28D2265600C07AEC /* Resources */,
			);
			buildRules = (
			);
			dependencies = (
			);
			name = IMarquezDia1;
			productName = IMarquezDia1;
			productReference = F3C9130F28D2265600C07AEC /* IMarquezDia1.app */;
			productType = "com.apple.product-type.application";
		};
/* End PBXNativeTarget section */

/* Begin PBXProject section */
		F3C9130728D2265600C07AEC /* Project object */ = {
			isa = PBXProject;
			attributes = {
				BuildIndependentTargetsInParallel = 1;
				LastSwiftUpdateCheck = 1400;
				LastUpgradeCheck = 1400;
				TargetAttributes = {
					F3C9130E28D2265600C07AEC = {
						CreatedOnToolsVersion = 14.0;
					};
				};
			};
			buildConfigurationList = F3C9130A28D2265600C07AEC /* Build configuration list for PBXProject "IMarquezDia1" */;
			compatibilityVersion = "Xcode 14.0";
			developmentRegion = en;
			hasScannedForEncodings = 0;
			knownRegions = (
				en,
				Base,
			);
			mainGroup = F3C9130628D2265600C07AEC;
			productRefGroup = F3C9131028D2265600C07AEC /* Products */;
			projectDirPath = "";
			projectRoot = "";
			targets = (
				F3C9130E28D2265600C07AEC /* IMarquezDia1 */,
			);
		};
/* End PBXProject section */

/* Begin PBXResourcesBuildPhase section */
		F3C9130D28D2265600C07AEC /* Resources */ = {
			isa = PBXResourcesBuildPhase;
			buildActionMask = 2147483647;
			files = (
				F3C9133028D3844B00C07AEC /* Storybard2.storyboard in Resources */,
				F3C9131F28D2265600C07AEC /* LaunchScreen.storyboard in Resources */,
				F3C9131C28D2265600C07AEC /* Assets.xcassets in Resources */,
				F3C9132B28D27B6D00C07AEC /* Main.storyboard in Resources */,
			);
			runOnlyForDeploymentPostprocessing = 0;
		};
/* End PBXResourcesBuildPhase section */

/* Begin PBXSourcesBuildPhase section */
		F3C9130B28D2265600C07AEC /* Sources */ = {
			isa = PBXSourcesBuildPhase;
			buildActionMask = 2147483647;
			files = (
				F3C9132D28D3799100C07AEC /* CocoaTouchController.swift in Sources */,
				F3C9131728D2265600C07AEC /* ViewController.swift in Sources */,
				F3C9132728D270ED00C07AEC /* CocoaController.swift in Sources */,
				F3C9131328D2265600C07AEC /* AppDelegate.swift in Sources */,
				F3C9131528D2265600C07AEC /* SceneDelegate.swift in Sources */,
			);
			runOnlyForDeploymentPostprocessing = 0;
		};
/* End PBXSourcesBuildPhase section */

/* Begin PBXVariantGroup section */
		F3C9131D28D2265600C07AEC /* LaunchScreen.storyboard */ = {
			isa = PBXVariantGroup;
			children = (
				F3C9131E28D2265600C07AEC /* Base */,
			);
			name = LaunchScreen.storyboard;
			sourceTree = "<group>";
		};
		F3C9133228D3844B00C07AEC /* Storybard2.storyboard */ = {
			isa = PBXVariantGroup;
			children = (
				F3C9133128D3844B00C07AEC /* Base */,
			);
			name = Storybard2.storyboard;
			sourceTree = "<group>";
		};
/* End PBXVariantGroup section */

/* Begin XCBuildConfiguration section */
		F3C9132128D2265600C07AEC /* Debug */ = {
			isa = XCBuildConfiguration;
			buildSettings = {
				ALWAYS_SEARCH_USER_PATHS = NO;
				CLANG_ANALYZER_NONNULL = YES;
				CLANG_ANALYZER_NUMBER_OBJECT_CONVERSION = YES_AGGRESSIVE;
				CLANG_CXX_LANGUAGE_STANDARD = "gnu++20";
				CLANG_ENABLE_MODULES = YES;
				CLANG_ENABLE_OBJC_ARC = YES;
				CLANG_ENABLE_OBJC_WEAK = YES;
				CLANG_WARN_BLOCK_CAPTURE_AUTORELEASING = YES;
				CLANG_WARN_BOOL_CONVERSION = YES;
				CLANG_WARN_COMMA = YES;
				CLANG_WARN_CONSTANT_CONVERSION = YES;
				CLANG_WARN_DEPRECATED_OBJC_IMPLEMENTATIONS = YES;
				CLANG_WARN_DIRECT_OBJC_ISA_USAGE = YES_ERROR;
				CLANG_WARN_DOCUMENTATION_COMMENTS = YES;
				CLANG_WARN_EMPTY_BODY = YES;
				CLANG_WARN_ENUM_CONVERSION = YES;
				CLANG_WARN_INFINITE_RECURSION = YES;
				CLANG_WARN_INT_CONVERSION = YES;
				CLANG_WARN_NON_LITERAL_NULL_CONVERSION = YES;
				CLANG_WARN_OBJC_IMPLICIT_RETAIN_SELF = YES;
				CLANG_WARN_OBJC_LITERAL_CONVERSION = YES;
				CLANG_WARN_OBJC_ROOT_CLASS = YES_ERROR;
				CLANG_WARN_QUOTED_INCLUDE_IN_FRAMEWORK_HEADER = YES;
				CLANG_WARN_RANGE_LOOP_ANALYSIS = YES;
				CLANG_WARN_STRICT_PROTOTYPES = YES;
				CLANG_WARN_SUSPICIOUS_MOVE = YES;
				CLANG_WARN_UNGUARDED_AVAILABILITY = YES_AGGRESSIVE;
				CLANG_WARN_UNREACHABLE_CODE = YES;
				CLANG_WARN__DUPLICATE_METHOD_MATCH = YES;
				COPY_PHASE_STRIP = NO;
				DEBUG_INFORMATION_FORMAT = dwarf;
				ENABLE_STRICT_OBJC_MSGSEND = YES;
				ENABLE_TESTABILITY = YES;
				GCC_C_LANGUAGE_STANDARD = gnu11;
				GCC_DYNAMIC_NO_PIC = NO;
				GCC_NO_COMMON_BLOCKS = YES;
				GCC_OPTIMIZATION_LEVEL = 0;
				GCC_PREPROCESSOR_DEFINITIONS = (
					"DEBUG=1",
					"$(inherited)",
				);
				GCC_WARN_64_TO_32_BIT_CONVERSION = YES;
				GCC_WARN_ABOUT_RETURN_TYPE = YES_ERROR;
				GCC_WARN_UNDECLARED_SELECTOR = YES;
				GCC_WARN_UNINITIALIZED_AUTOS = YES_AGGRESSIVE;
				GCC_WARN_UNUSED_FUNCTION = YES;
				GCC_WARN_UNUSED_VARIABLE = YES;
				IPHONEOS_DEPLOYMENT_TARGET = 16.0;
				MTL_ENABLE_DEBUG_INFO = INCLUDE_SOURCE;
				MTL_FAST_MATH = YES;
				ONLY_ACTIVE_ARCH = YES;
				SDKROOT = iphoneos;
				SWIFT_ACTIVE_COMPILATION_CONDITIONS = DEBUG;
				SWIFT_OPTIMIZATION_LEVEL = "-Onone";
			};
			name = Debug;
		};
		F3C9132228D2265600C07AEC /* Release */ = {
			isa = XCBuildConfiguration;
			buildSettings = {
				ALWAYS_SEARCH_USER_PATHS = NO;
				CLANG_ANALYZER_NONNULL = YES;
				CLANG_ANALYZER_NUMBER_OBJECT_CONVERSION = YES_AGGRESSIVE;
				CLANG_CXX_LANGUAGE_STANDARD = "gnu++20";
				CLANG_ENABLE_MODULES = YES;
				CLANG_ENABLE_OBJC_ARC = YES;
				CLANG_ENABLE_OBJC_WEAK = YES;
				CLANG_WARN_BLOCK_CAPTURE_AUTORELEASING = YES;
				CLANG_WARN_BOOL_CONVERSION = YES;
				CLANG_WARN_COMMA = YES;
				CLANG_WARN_CONSTANT_CONVERSION = YES;
				CLANG_WARN_DEPRECATED_OBJC_IMPLEMENTATIONS = YES;
				CLANG_WARN_DIRECT_OBJC_ISA_USAGE = YES_ERROR;
				CLANG_WARN_DOCUMENTATION_COMMENTS = YES;
				CLANG_WARN_EMPTY_BODY = YES;
				CLANG_WARN_ENUM_CONVERSION = YES;
				CLANG_WARN_INFINITE_RECURSION = YES;
				CLANG_WARN_INT_CONVERSION = YES;
				CLANG_WARN_NON_LITERAL_NULL_CONVERSION = YES;
				CLANG_WARN_OBJC_IMPLICIT_RETAIN_SELF = YES;
				CLANG_WARN_OBJC_LITERAL_CONVERSION = YES;
				CLANG_WARN_OBJC_ROOT_CLASS = YES_ERROR;
				CLANG_WARN_QUOTED_INCLUDE_IN_FRAMEWORK_HEADER = YES;
				CLANG_WARN_RANGE_LOOP_ANALYSIS = YES;
				CLANG_WARN_STRICT_PROTOTYPES = YES;
				CLANG_WARN_SUSPICIOUS_MOVE = YES;
				CLANG_WARN_UNGUARDED_AVAILABILITY = YES_AGGRESSIVE;
				CLANG_WARN_UNREACHABLE_CODE = YES;
				CLANG_WARN__DUPLICATE_METHOD_MATCH = YES;
				COPY_PHASE_STRIP = NO;
				DEBUG_INFORMATION_FORMAT = "dwarf-with-dsym";
				ENABLE_NS_ASSERTIONS = NO;
				ENABLE_STRICT_OBJC_MSGSEND = YES;
				GCC_C_LANGUAGE_STANDARD = gnu11;
				GCC_NO_COMMON_BLOCKS = YES;
				GCC_WARN_64_TO_32_BIT_CONVERSION = YES;
				GCC_WARN_ABOUT_RETURN_TYPE = YES_ERROR;
				GCC_WARN_UNDECLARED_SELECTOR = YES;
				GCC_WARN_UNINITIALIZED_AUTOS = YES_AGGRESSIVE;
				GCC_WARN_UNUSED_FUNCTION = YES;
				GCC_WARN_UNUSED_VARIABLE = YES;
				IPHONEOS_DEPLOYMENT_TARGET = 16.0;
				MTL_ENABLE_DEBUG_INFO = NO;
				MTL_FAST_MATH = YES;
				SDKROOT = iphoneos;
				SWIFT_COMPILATION_MODE = wholemodule;
				SWIFT_OPTIMIZATION_LEVEL = "-O";
				VALIDATE_PRODUCT = YES;
			};
			name = Release;
		};
		F3C9132428D2265600C07AEC /* Debug */ = {
			isa = XCBuildConfiguration;
			buildSettings = {
				ASSETCATALOG_COMPILER_APPICON_NAME = AppIcon;
				ASSETCATALOG_COMPILER_GLOBAL_ACCENT_COLOR_NAME = AccentColor;
				CODE_SIGN_STYLE = Automatic;
				CURRENT_PROJECT_VERSION = 1;
				GENERATE_INFOPLIST_FILE = YES;
				INFOPLIST_FILE = IMarquezDia1/Info.plist;
				INFOPLIST_KEY_UIApplicationSupportsIndirectInputEvents = YES;
				INFOPLIST_KEY_UILaunchStoryboardName = LaunchScreen;
				INFOPLIST_KEY_UIMainStoryboardFile = Main;
				INFOPLIST_KEY_UISupportedInterfaceOrientations_iPad = "UIInterfaceOrientationPortrait UIInterfaceOrientationPortraitUpsideDown UIInterfaceOrientationLandscapeLeft UIInterfaceOrientationLandscapeRight";
				INFOPLIST_KEY_UISupportedInterfaceOrientations_iPhone = "UIInterfaceOrientationPortrait UIInterfaceOrientationLandscapeLeft UIInterfaceOrientationLandscapeRight";
				LD_RUNPATH_SEARCH_PATHS = (
					"$(inherited)",
					"@executable_path/Frameworks",
				);
				MARKETING_VERSION = 1.0;
				PRODUCT_BUNDLE_IDENTIFIER = com.digis.IMarquezDia1;
				PRODUCT_NAME = "$(TARGET_NAME)";
				SWIFT_EMIT_LOC_STRINGS = YES;
				SWIFT_VERSION = 5.0;
				TARGETED_DEVICE_FAMILY = "1,2";
			};
			name = Debug;
		};
		F3C9132528D2265600C07AEC /* Release */ = {
			isa = XCBuildConfiguration;
			buildSettings = {
				ASSETCATALOG_COMPILER_APPICON_NAME = AppIcon;
				ASSETCATALOG_COMPILER_GLOBAL_ACCENT_COLOR_NAME = AccentColor;
				CODE_SIGN_STYLE = Automatic;
				CURRENT_PROJECT_VERSION = 1;
				GENERATE_INFOPLIST_FILE = YES;
				INFOPLIST_FILE = IMarquezDia1/Info.plist;
				INFOPLIST_KEY_UIApplicationSupportsIndirectInputEvents = YES;
				INFOPLIST_KEY_UILaunchStoryboardName = LaunchScreen;
				INFOPLIST_KEY_UIMainStoryboardFile = Main;
				INFOPLIST_KEY_UISupportedInterfaceOrientations_iPad = "UIInterfaceOrientationPortrait UIInterfaceOrientationPortraitUpsideDown UIInterfaceOrientationLandscapeLeft UIInterfaceOrientationLandscapeRight";
				INFOPLIST_KEY_UISupportedInterfaceOrientations_iPhone = "UIInterfaceOrientationPortrait UIInterfaceOrientationLandscapeLeft UIInterfaceOrientationLandscapeRight";
				LD_RUNPATH_SEARCH_PATHS = (
					"$(inherited)",
					"@executable_path/Frameworks",
				);
				MARKETING_VERSION = 1.0;
				PRODUCT_BUNDLE_IDENTIFIER = com.digis.IMarquezDia1;
				PRODUCT_NAME = "$(TARGET_NAME)";
				SWIFT_EMIT_LOC_STRINGS = YES;
				SWIFT_VERSION = 5.0;
				TARGETED_DEVICE_FAMILY = "1,2";
			};
			name = Release;
		};
/* End XCBuildConfiguration section */

/* Begin XCConfigurationList section */
		F3C9130A28D2265600C07AEC /* Build configuration list for PBXProject "IMarquezDia1" */ = {
			isa = XCConfigurationList;
			buildConfigurations = (
				F3C9132128D2265600C07AEC /* Debug */,
				F3C9132228D2265600C07AEC /* Release */,
			);
			defaultConfigurationIsVisible = 0;
			defaultConfigurationName = Release;
		};
		F3C9132328D2265600C07AEC /* Build configuration list for PBXNativeTarget "IMarquezDia1" */ = {
			isa = XCConfigurationList;
			buildConfigurations = (
				F3C9132428D2265600C07AEC /* Debug */,
				F3C9132528D2265600C07AEC /* Release */,
			);
			defaultConfigurationIsVisible = 0;
			defaultConfigurationName = Release;
		};
/* End XCConfigurationList section */
	};
	rootObject = F3C9130728D2265600C07AEC /* Project object */;
}
